
Microsoft Visual Studio Solution File, Format Version 12.00
# Visual Studio Version 16
VisualStudioVersion = 16.0.31911.196
MinimumVisualStudioVersion = 10.0.40219.1
Project("{8BC9CEB8-8B4A-11D0-8D11-00A0C91BC942}") = "Project1", "Project1.vcxproj", "{23C25665-DC1E-4453-9D76-62607C2F69AD}"
EndProject
Global
	GlobalSection(SolutionConfigurationPlatforms) = preSolution
		Debug|x64 = Debug|x64
		Debug|x86 = Debug|x86
		Release|x64 = Release|x64
		Release|x86 = Release|x86
	EndGlobalSection
	GlobalSection(ProjectConfigurationPlatforms) = postSolution
		{23C25665-DC1E-4453-9D76-62607C2F69AD}.Debug|x64.ActiveCfg = Debug|x64
		{23C25665-DC1E-4453-9D76-62607C2F69AD}.Debug|x64.Build.0 = Debug|x64
		{23C25665-DC1E-4453-9D76-62607C2F69AD}.Debug|x86.ActiveCfg = Debug|Win32
		{23C25665-DC1E-4453-9D76-62607C2F69AD}.Debug|x86.Build.0 = Debug|Win32
		{23C25665-DC1E-4453-9D76-62607C2F69AD}.Release|x64.ActiveCfg = Release|x64
		{23C25665-DC1E-4453-9D76-62607C2F69AD}.Release|x64.Build.0 = Release|x64
		{23C25665-DC1E-4453-9D76-62607C2F69AD}.Release|x86.ActiveCfg = Release|Win32
		{23C25665-DC1E-4453-9D76-62607C2F69AD}.Release|x86.Build.0 = Release|Win32
	EndGlobalSection
	GlobalSection(SolutionProperties) = preSolution
		HideSolutionNode = FALSE
	EndGlobalSection
	GlobalSection(ExtensibilityGlobals) = postSolution
		SolutionGuid = {AE519E92-5C2A-4AAA-B31D-FB9C86F47F79}
	EndGlobalSection
EndGlobal
